Microsoft Visual Studio Solution File, Format Version 11.00
# Visual Studio 2008

Project("{3877901C-DC95-E9C3-0630-4A6CC1083AE4}") = "pooltable", "Assembly-CSharp.csproj", "{8AD1ADDE-1445-5FE3-859D-66B6ED25A560}"
EndProject
Project("{3877901C-DC95-E9C3-0630-4A6CC1083AE4}") = "pooltable", "Assembly-UnityScript.unityproj", "{15A5F18F-D42C-5097-1D4C-E553278D727D}"
EndProject
Global
	GlobalSection(SolutionConfigurationPlatforms) = preSolution
		Debug|Any CPU = Debug|Any CPU
		Release|Any CPU = Release|Any CPU
	EndGlobalSection
	GlobalSection(ProjectConfigurationPlatforms) = postSolution
		{8AD1ADDE-1445-5FE3-859D-66B6ED25A560}.Debug|Any CPU.ActiveCfg = Debug|Any CPU
		{8AD1ADDE-1445-5FE3-859D-66B6ED25A560}.Debug|Any CPU.Build.0 = Debug|Any CPU
		{8AD1ADDE-1445-5FE3-859D-66B6ED25A560}.Release|Any CPU.ActiveCfg = Release|Any CPU
		{8AD1ADDE-1445-5FE3-859D-66B6ED25A560}.Release|Any CPU.Build.0 = Release|Any CPU
		{15A5F18F-D42C-5097-1D4C-E553278D727D}.Debug|Any CPU.ActiveCfg = Debug|Any CPU
		{15A5F18F-D42C-5097-1D4C-E553278D727D}.Debug|Any CPU.Build.0 = Debug|Any CPU
		{15A5F18F-D42C-5097-1D4C-E553278D727D}.Release|Any CPU.ActiveCfg = Release|Any CPU
		{15A5F18F-D42C-5097-1D4C-E553278D727D}.Release|Any CPU.Build.0 = Release|Any CPU
	EndGlobalSection
	GlobalSection(SolutionProperties) = preSolution
		HideSolutionNode = FALSE
	EndGlobalSection
	GlobalSection(MonoDevelopProperties) = preSolution
		StartupItem = Assembly-CSharp.csproj
	EndGlobalSection
EndGlobal
